
Microsoft Visual Studio Solution File, Format Version 12.00
# Visual Studio Version 17
VisualStudioVersion = 17.13.35931.197
MinimumVisualStudioVersion = 10.0.40219.1
Project("{FAE04EC0-301F-11D3-BF4B-00C04F79EFBC}") = "YallaGo", "YallaGo.csproj", "{174BEB06-AF42-4005-8193-B7F7F449A966}"
EndProject
Project("{FAE04EC0-301F-11D3-BF4B-00C04F79EFBC}") = "YallaGo.UI", "YallaGo\YallaGo.UI.csproj", "{95101643-2A05-37FE-99B6-5ED9D4F53B22}"
EndProject
Project("{FAE04EC0-301F-11D3-BF4B-00C04F79EFBC}") = "YallaGo.BLL", "YallaGo.BLL\YallaGo.BLL.csproj", "{5B580DEC-2559-5D9E-C506-8A0299AF1FF4}"
EndProject
Project("{FAE04EC0-301F-11D3-BF4B-00C04F79EFBC}") = "YallaGo.DAL", "YallaGo.DAL\YallaGo.DAL.csproj", "{AF35F06E-6156-897F-B417-DED16F898157}"
EndProject
Global
	GlobalSection(SolutionConfigurationPlatforms) = preSolution
		Debug|Any CPU = Debug|Any CPU
		Release|Any CPU = Release|Any CPU
	EndGlobalSection
	GlobalSection(ProjectConfigurationPlatforms) = postSolution
		{174BEB06-AF42-4005-8193-B7F7F449A966}.Debug|Any CPU.ActiveCfg = Debug|Any CPU
		{174BEB06-AF42-4005-8193-B7F7F449A966}.Debug|Any CPU.Build.0 = Debug|Any CPU
		{174BEB06-AF42-4005-8193-B7F7F449A966}.Release|Any CPU.ActiveCfg = Release|Any CPU
		{174BEB06-AF42-4005-8193-B7F7F449A966}.Release|Any CPU.Build.0 = Release|Any CPU
		{95101643-2A05-37FE-99B6-5ED9D4F53B22}.Debug|Any CPU.ActiveCfg = Debug|Any CPU
		{95101643-2A05-37FE-99B6-5ED9D4F53B22}.Debug|Any CPU.Build.0 = Debug|Any CPU
		{95101643-2A05-37FE-99B6-5ED9D4F53B22}.Release|Any CPU.ActiveCfg = Release|Any CPU
		{95101643-2A05-37FE-99B6-5ED9D4F53B22}.Release|Any CPU.Build.0 = Release|Any CPU
		{5B580DEC-2559-5D9E-C506-8A0299AF1FF4}.Debug|Any CPU.ActiveCfg = Debug|Any CPU
		{5B580DEC-2559-5D9E-C506-8A0299AF1FF4}.Debug|Any CPU.Build.0 = Debug|Any CPU
		{5B580DEC-2559-5D9E-C506-8A0299AF1FF4}.Release|Any CPU.ActiveCfg = Release|Any CPU
		{5B580DEC-2559-5D9E-C506-8A0299AF1FF4}.Release|Any CPU.Build.0 = Release|Any CPU
		{AF35F06E-6156-897F-B417-DED16F898157}.Debug|Any CPU.ActiveCfg = Debug|Any CPU
		{AF35F06E-6156-897F-B417-DED16F898157}.Debug|Any CPU.Build.0 = Debug|Any CPU
		{AF35F06E-6156-897F-B417-DED16F898157}.Release|Any CPU.ActiveCfg = Release|Any CPU
		{AF35F06E-6156-897F-B417-DED16F898157}.Release|Any CPU.Build.0 = Release|Any CPU
	EndGlobalSection
	GlobalSection(SolutionProperties) = preSolution
		HideSolutionNode = FALSE
	EndGlobalSection
	GlobalSection(ExtensibilityGlobals) = postSolution
		SolutionGuid = {D19FFE98-6A78-4D61-B4AF-CD4EF5A11EF1}
	EndGlobalSection
EndGlobal
